
Microsoft Visual Studio Solution File, Format Version 12.00
# Visual Studio Version 17
VisualStudioVersion = 17.8.34330.188
MinimumVisualStudioVersion = 10.0.40219.1
Project("{FAE04EC0-301F-11D3-BF4B-00C04F79EFBC}") = "CollectionsPortal.Server.Api", "CollectionsPortal.Server.Api\CollectionsPortal.Server.Api.csproj", "{5FCD31FC-AA5A-460F-92CB-E378EA868500}"
EndProject
Project("{FAE04EC0-301F-11D3-BF4B-00C04F79EFBC}") = "CollectionsPortal.Server.BusinessLayer", "CollectionsPortal.Server.BusinessLayer\CollectionsPortal.Server.BusinessLayer.csproj", "{AA2F7323-D101-45B1-871F-D17FCB2A9486}"
EndProject
Project("{FAE04EC0-301F-11D3-BF4B-00C04F79EFBC}") = "CollectionsPortal.Server.DataLayer", "CollectionsPortal.Server.DataLayer\CollectionsPortal.Server.DataLayer.csproj", "{99E69CCD-4EAF-4C26-82E7-7BF57D3D3172}"
EndProject
Global
	GlobalSection(SolutionConfigurationPlatforms) = preSolution
		Debug|Any CPU = Debug|Any CPU
		Release|Any CPU = Release|Any CPU
	EndGlobalSection
	GlobalSection(ProjectConfigurationPlatforms) = postSolution
		{5FCD31FC-AA5A-460F-92CB-E378EA868500}.Debug|Any CPU.ActiveCfg = Debug|Any CPU
		{5FCD31FC-AA5A-460F-92CB-E378EA868500}.Debug|Any CPU.Build.0 = Debug|Any CPU
		{5FCD31FC-AA5A-460F-92CB-E378EA868500}.Release|Any CPU.ActiveCfg = Release|Any CPU
		{5FCD31FC-AA5A-460F-92CB-E378EA868500}.Release|Any CPU.Build.0 = Release|Any CPU
		{AA2F7323-D101-45B1-871F-D17FCB2A9486}.Debug|Any CPU.ActiveCfg = Debug|Any CPU
		{AA2F7323-D101-45B1-871F-D17FCB2A9486}.Debug|Any CPU.Build.0 = Debug|Any CPU
		{AA2F7323-D101-45B1-871F-D17FCB2A9486}.Release|Any CPU.ActiveCfg = Release|Any CPU
		{AA2F7323-D101-45B1-871F-D17FCB2A9486}.Release|Any CPU.Build.0 = Release|Any CPU
		{99E69CCD-4EAF-4C26-82E7-7BF57D3D3172}.Debug|Any CPU.ActiveCfg = Debug|Any CPU
		{99E69CCD-4EAF-4C26-82E7-7BF57D3D3172}.Debug|Any CPU.Build.0 = Debug|Any CPU
		{99E69CCD-4EAF-4C26-82E7-7BF57D3D3172}.Release|Any CPU.ActiveCfg = Release|Any CPU
		{99E69CCD-4EAF-4C26-82E7-7BF57D3D3172}.Release|Any CPU.Build.0 = Release|Any CPU
	EndGlobalSection
	GlobalSection(SolutionProperties) = preSolution
		HideSolutionNode = FALSE
	EndGlobalSection
	GlobalSection(ExtensibilityGlobals) = postSolution
		SolutionGuid = {BE92FEAC-6B80-4AB4-ACD3-2EA15FA23FBF}
	EndGlobalSection
EndGlobal
